
Microsoft Visual Studio Solution File, Format Version 12.00
# Visual Studio Version 16
VisualStudioVersion = 16.0.29911.84
MinimumVisualStudioVersion = 10.0.40219.1
Project("{FAE04EC0-301F-11D3-BF4B-00C04F79EFBC}") = "Pegasus_SpecFlow_Odev", "Pegasus_SpecFlow_Odev\Pegasus_SpecFlow_Odev.csproj", "{F8755740-3959-4A2B-AB99-8BFE8175D769}"
EndProject
Global
	GlobalSection(SolutionConfigurationPlatforms) = preSolution
		Debug|Any CPU = Debug|Any CPU
		Release|Any CPU = Release|Any CPU
	EndGlobalSection
	GlobalSection(ProjectConfigurationPlatforms) = postSolution
		{F8755740-3959-4A2B-AB99-8BFE8175D769}.Debug|Any CPU.ActiveCfg = Debug|Any CPU
		{F8755740-3959-4A2B-AB99-8BFE8175D769}.Debug|Any CPU.Build.0 = Debug|Any CPU
		{F8755740-3959-4A2B-AB99-8BFE8175D769}.Release|Any CPU.ActiveCfg = Release|Any CPU
		{F8755740-3959-4A2B-AB99-8BFE8175D769}.Release|Any CPU.Build.0 = Release|Any CPU
	EndGlobalSection
	GlobalSection(SolutionProperties) = preSolution
		HideSolutionNode = FALSE
	EndGlobalSection
	GlobalSection(ExtensibilityGlobals) = postSolution
		SolutionGuid = {10F1F141-EDD4-43AF-AC9F-BFFFBAF09C1F}
	EndGlobalSection
EndGlobal
